
Microsoft Visual Studio Solution File, Format Version 12.00
# Visual Studio Version 16
VisualStudioVersion = 16.0.29613.14
MinimumVisualStudioVersion = 10.0.40219.1
Project("{9A19103F-16F7-4668-BE54-9A1E7A4F7556}") = "LTPE_CityInfo_Core3_1_ProperWay_Data", "LTPE_CityInfo_Core3_1_ProperWay_Data\LTPE_CityInfo_Core3_1_ProperWay_Data.csproj", "{962DD572-23BB-474F-B11A-EE9214FAE8DF}"
EndProject
Project("{9A19103F-16F7-4668-BE54-9A1E7A4F7556}") = "LTPE_CityInfo_Core3_1_ProperWay_WebApi", "LTPE_CityInfo_Core3_1_ProperWay_WebApi\LTPE_CityInfo_Core3_1_ProperWay_WebApi.csproj", "{238E7925-C6F7-4DD0-BCA5-F11E42106107}"
EndProject
Project("{9A19103F-16F7-4668-BE54-9A1E7A4F7556}") = "LTPE_CityInfo_Core3_1_ProperWay_Data_Async", "LTPE_CityInfo_Core3_1_ProperWay_Data_Async\LTPE_CityInfo_Core3_1_ProperWay_Data_Async.csproj", "{65573321-6581-40E0-9F34-680CB7A7F404}"
EndProject
Project("{9A19103F-16F7-4668-BE54-9A1E7A4F7556}") = "LTPE_CityInfo_Core3_1_ProperWay_WebApi_Async", "LTPE_CityInfo_Core3_1_ProperWay_WebApi_Async\LTPE_CityInfo_Core3_1_ProperWay_WebApi_Async.csproj", "{B8207716-1291-49DD-A0DB-5C8EF3469595}"
EndProject
Global
	GlobalSection(SolutionConfigurationPlatforms) = preSolution
		Debug|Any CPU = Debug|Any CPU
		Release|Any CPU = Release|Any CPU
	EndGlobalSection
	GlobalSection(ProjectConfigurationPlatforms) = postSolution
		{962DD572-23BB-474F-B11A-EE9214FAE8DF}.Debug|Any CPU.ActiveCfg = Debug|Any CPU
		{962DD572-23BB-474F-B11A-EE9214FAE8DF}.Debug|Any CPU.Build.0 = Debug|Any CPU
		{962DD572-23BB-474F-B11A-EE9214FAE8DF}.Release|Any CPU.ActiveCfg = Release|Any CPU
		{962DD572-23BB-474F-B11A-EE9214FAE8DF}.Release|Any CPU.Build.0 = Release|Any CPU
		{238E7925-C6F7-4DD0-BCA5-F11E42106107}.Debug|Any CPU.ActiveCfg = Debug|Any CPU
		{238E7925-C6F7-4DD0-BCA5-F11E42106107}.Debug|Any CPU.Build.0 = Debug|Any CPU
		{238E7925-C6F7-4DD0-BCA5-F11E42106107}.Release|Any CPU.ActiveCfg = Release|Any CPU
		{238E7925-C6F7-4DD0-BCA5-F11E42106107}.Release|Any CPU.Build.0 = Release|Any CPU
		{65573321-6581-40E0-9F34-680CB7A7F404}.Debug|Any CPU.ActiveCfg = Debug|Any CPU
		{65573321-6581-40E0-9F34-680CB7A7F404}.Debug|Any CPU.Build.0 = Debug|Any CPU
		{65573321-6581-40E0-9F34-680CB7A7F404}.Release|Any CPU.ActiveCfg = Release|Any CPU
		{65573321-6581-40E0-9F34-680CB7A7F404}.Release|Any CPU.Build.0 = Release|Any CPU
		{B8207716-1291-49DD-A0DB-5C8EF3469595}.Debug|Any CPU.ActiveCfg = Debug|Any CPU
		{B8207716-1291-49DD-A0DB-5C8EF3469595}.Debug|Any CPU.Build.0 = Debug|Any CPU
		{B8207716-1291-49DD-A0DB-5C8EF3469595}.Release|Any CPU.ActiveCfg = Release|Any CPU
		{B8207716-1291-49DD-A0DB-5C8EF3469595}.Release|Any CPU.Build.0 = Release|Any CPU
	EndGlobalSection
	GlobalSection(SolutionProperties) = preSolution
		HideSolutionNode = FALSE
	EndGlobalSection
	GlobalSection(ExtensibilityGlobals) = postSolution
		SolutionGuid = {317D11E2-2384-4A41-B138-57BEBCAF1451}
	EndGlobalSection
EndGlobal
